
Microsoft Visual Studio Solution File, Format Version 12.00
# Visual Studio Version 17
VisualStudioVersion = 17.0.31903.59
MinimumVisualStudioVersion = 10.0.40219.1
Project("{FAE04EC0-301F-11D3-BF4B-00C04F79EFBC}") = "crow", "src\Crow\crow.csproj", "{8B5F3A2C-1D4E-4F60-9A7B-6C5D4E3F2A10}"
EndProject
Project("{2150E333-8FDC-42A3-9474-1A3956D46DE8}") = "tests", "tests", "{0AB3BF05-4346-4AA6-1389-037BE0695223}"
EndProject
Project("{FAE04EC0-301F-11D3-BF4B-00C04F79EFBC}") = "Crow.Tests", "tests\Crow.Tests\Crow.Tests.csproj", "{E3A2112F-C424-4DCF-9A6E-F05601314822}"
EndProject
Project("{2150E333-8FDC-42A3-9474-1A3956D46DE8}") = "src", "src", "{827E0CD3-B72D-47B6-A68D-7590B98EB39B}"
EndProject
Project("{2150E333-8FDC-42A3-9474-1A3956D46DE8}") = "Crow", "Crow", "{C6C7B91A-9A4B-1313-20F3-AA09EE58E5C6}"
EndProject
Project("{FAE04EC0-301F-11D3-BF4B-00C04F79EFBC}") = "Crow.Storage", "src\Crow.Storage\Crow.Storage.csproj", "{F6B404E2-A8A1-43E4-8FA6-EC84861F8BC4}"
EndProject
Global
	GlobalSection(SolutionConfigurationPlatforms) = preSolution
		Debug|Any CPU = Debug|Any CPU
		Debug|x64 = Debug|x64
		Debug|x86 = Debug|x86
		Release|Any CPU = Release|Any CPU
		Release|x64 = Release|x64
		Release|x86 = Release|x86
	EndGlobalSection
	GlobalSection(ProjectConfigurationPlatforms) = postSolution
		{8B5F3A2C-1D4E-4F60-9A7B-6C5D4E3F2A10}.Debug|Any CPU.ActiveCfg = Debug|Any CPU
		{8B5F3A2C-1D4E-4F60-9A7B-6C5D4E3F2A10}.Debug|Any CPU.Build.0 = Debug|Any CPU
		{8B5F3A2C-1D4E-4F60-9A7B-6C5D4E3F2A10}.Debug|x64.ActiveCfg = Debug|Any CPU
		{8B5F3A2C-1D4E-4F60-9A7B-6C5D4E3F2A10}.Debug|x64.Build.0 = Debug|Any CPU
		{8B5F3A2C-1D4E-4F60-9A7B-6C5D4E3F2A10}.Debug|x86.ActiveCfg = Debug|Any CPU
		{8B5F3A2C-1D4E-4F60-9A7B-6C5D4E3F2A10}.Debug|x86.Build.0 = Debug|Any CPU
		{8B5F3A2C-1D4E-4F60-9A7B-6C5D4E3F2A10}.Release|Any CPU.ActiveCfg = Release|Any CPU
		{8B5F3A2C-1D4E-4F60-9A7B-6C5D4E3F2A10}.Release|Any CPU.Build.0 = Release|Any CPU
		{8B5F3A2C-1D4E-4F60-9A7B-6C5D4E3F2A10}.Release|x64.ActiveCfg = Release|Any CPU
		{8B5F3A2C-1D4E-4F60-9A7B-6C5D4E3F2A10}.Release|x64.Build.0 = Release|Any CPU
		{8B5F3A2C-1D4E-4F60-9A7B-6C5D4E3F2A10}.Release|x86.ActiveCfg = Release|Any CPU
		{8B5F3A2C-1D4E-4F60-9A7B-6C5D4E3F2A10}.Release|x86.Build.0 = Release|Any CPU
		{E3A2112F-C424-4DCF-9A6E-F05601314822}.Debug|Any CPU.ActiveCfg = Debug|Any CPU
		{E3A2112F-C424-4DCF-9A6E-F05601314822}.Debug|Any CPU.Build.0 = Debug|Any CPU
		{E3A2112F-C424-4DCF-9A6E-F05601314822}.Debug|x64.ActiveCfg = Debug|Any CPU
		{E3A2112F-C424-4DCF-9A6E-F05601314822}.Debug|x64.Build.0 = Debug|Any CPU
		{E3A2112F-C424-4DCF-9A6E-F05601314822}.Debug|x86.ActiveCfg = Debug|Any CPU
		{E3A2112F-C424-4DCF-9A6E-F05601314822}.Debug|x86.Build.0 = Debug|Any CPU
		{E3A2112F-C424-4DCF-9A6E-F05601314822}.Release|Any CPU.ActiveCfg = Release|Any CPU
		{E3A2112F-C424-4DCF-9A6E-F05601314822}.Release|Any CPU.Build.0 = Release|Any CPU
		{E3A2112F-C424-4DCF-9A6E-F05601314822}.Release|x64.ActiveCfg = Release|Any CPU
		{E3A2112F-C424-4DCF-9A6E-F05601314822}.Release|x64.Build.0 = Release|Any CPU
		{E3A2112F-C424-4DCF-9A6E-F05601314822}.Release|x86.ActiveCfg = Release|Any CPU
		{E3A2112F-C424-4DCF-9A6E-F05601314822}.Release|x86.Build.0 = Release|Any CPU
		{F6B404E2-A8A1-43E4-8FA6-EC84861F8BC4}.Debug|Any CPU.ActiveCfg = Debug|Any CPU
		{F6B404E2-A8A1-43E4-8FA6-EC84861F8BC4}.Debug|Any CPU.Build.0 = Debug|Any CPU
		{F6B404E2-A8A1-43E4-8FA6-EC84861F8BC4}.Debug|x64.ActiveCfg = Debug|Any CPU
		{F6B404E2-A8A1-43E4-8FA6-EC84861F8BC4}.Debug|x64.Build.0 = Debug|Any CPU
		{F6B404E2-A8A1-43E4-8FA6-EC84861F8BC4}.Debug|x86.ActiveCfg = Debug|Any CPU
		{F6B404E2-A8A1-43E4-8FA6-EC84861F8BC4}.Debug|x86.Build.0 = Debug|Any CPU
		{F6B404E2-A8A1-43E4-8FA6-EC84861F8BC4}.Release|Any CPU.ActiveCfg = Release|Any CPU
		{F6B404E2-A8A1-43E4-8FA6-EC84861F8BC4}.Release|Any CPU.Build.0 = Release|Any CPU
		{F6B404E2-A8A1-43E4-8FA6-EC84861F8BC4}.Release|x64.ActiveCfg = Release|Any CPU
		{F6B404E2-A8A1-43E4-8FA6-EC84861F8BC4}.Release|x64.Build.0 = Release|Any CPU
		{F6B404E2-A8A1-43E4-8FA6-EC84861F8BC4}.Release|x86.ActiveCfg = Release|Any CPU
		{F6B404E2-A8A1-43E4-8FA6-EC84861F8BC4}.Release|x86.Build.0 = Release|Any CPU
	EndGlobalSection
	GlobalSection(SolutionProperties) = preSolution
		HideSolutionNode = FALSE
	EndGlobalSection
	GlobalSection(NestedProjects) = preSolution
		{E3A2112F-C424-4DCF-9A6E-F05601314822} = {0AB3BF05-4346-4AA6-1389-037BE0695223}
		{C6C7B91A-9A4B-1313-20F3-AA09EE58E5C6} = {827E0CD3-B72D-47B6-A68D-7590B98EB39B}
		{F6B404E2-A8A1-43E4-8FA6-EC84861F8BC4} = {827E0CD3-B72D-47B6-A68D-7590B98EB39B}
	EndGlobalSection
EndGlobal
